
Microsoft Visual Studio Solution File, Format Version 12.00
# Visual Studio 15
VisualStudioVersion = 15.0.27004.2006
MinimumVisualStudioVersion = 10.0.40219.1
Project("{888888A0-9F3D-457C-B088-3A5042F75D52}") = "BookCounting", "BookCounting\BookCounting.pyproj", "{195F4DD7-2B82-4BEB-AB2B-8180D067C7DC}"
EndProject
Global
	GlobalSection(SolutionConfigurationPlatforms) = preSolution
		Debug|Any CPU = Debug|Any CPU
		Release|Any CPU = Release|Any CPU
	EndGlobalSection
	GlobalSection(ProjectConfigurationPlatforms) = postSolution
		{195F4DD7-2B82-4BEB-AB2B-8180D067C7DC}.Debug|Any CPU.ActiveCfg = Debug|Any CPU
		{195F4DD7-2B82-4BEB-AB2B-8180D067C7DC}.Release|Any CPU.ActiveCfg = Release|Any CPU
	EndGlobalSection
	GlobalSection(SolutionProperties) = preSolution
		HideSolutionNode = FALSE
	EndGlobalSection
	GlobalSection(ExtensibilityGlobals) = postSolution
		SolutionGuid = {36E2F44B-125E-4237-AABC-8C7719ECBAB2}
	EndGlobalSection
EndGlobal
